// !$*UTF8*$!
{
	archiveVersion = 1;
	classes = {
	};
	objectVersion = 77;
	objects = {

/* Begin PBXBuildFile section */
		FF304E182FD2A0ED004201FB /* GRDB in Frameworks */ = {isa = PBXBuildFile; productRef = FF304E172FD2A0ED004201FB /* GRDB */; };
/* End PBXBuildFile section */

/* Begin PBXContainerItemProxy section */
		FF6CBDA12FD2887500A52FF3 /* PBXContainerItemProxy */ = {
			isa = PBXContainerItemProxy;
			containerPortal = FF6CBD892FD2887300A52FF3 /* Project object */;
			proxyType = 1;
			remoteGlobalIDString = FF6CBD902FD2887300A52FF3;
			remoteInfo = Follower;
		};
		FF6CBDAB2FD2887500A52FF3 /* PBXContainerItemProxy */ = {
			isa = PBXContainerItemProxy;
			containerPortal = FF6CBD892FD2887300A52FF3 /* Project object */;
			proxyType = 1;
			remoteGlobalIDString = FF6CBD902FD2887300A52FF3;
			remoteInfo = Follower;
		};
/* End PBXContainerItemProxy section */

/* Begin PBXFileReference section */
		FF6CBD912FD2887400A52FF3 /* Follower.app */ = {isa = PBXFileReference; explicitFileType = wrapper.application; includeInIndex = 0; path = Follower.app; sourceTree = BUILT_PRODUCTS_DIR; };
		FF6CBDA02FD2887500A52FF3 /* FollowerTests.xctest */ = {isa = PBXFileReference; explicitFileType = wrapper.cfbundle; includeInIndex = 0; path = FollowerTests.xctest; sourceTree = BUILT_PRODUCTS_DIR; };
		FF6CBDAA2FD2887500A52FF3 /* FollowerUITests.xctest */ = {isa = PBXFileReference; explicitFileType = wrapper.cfbundle; includeInIndex = 0; path = FollowerUITests.xctest; sourceTree = BUILT_PRODUCTS_DIR; };
/* End PBXFileReference section */

/* Begin PBXFileSystemSynchronizedRootGroup section */
		FF6CBD932FD2887400A52FF3 /* Follower */ = {
			isa = PBXFileSystemSynchronizedRootGroup;
			path = Follower;
			sourceTree = "<group>";
		};
		FF6CBDA32FD2887500A52FF3 /* FollowerTests */ = {
			isa = PBXFileSystemSynchronizedRootGroup;
			path = FollowerTests;
			sourceTree = "<group>";
		};
		FF6CBDAD2FD2887500A52FF3 /* FollowerUITests */ = {
			isa = PBXFileSystemSynchronizedRootGroup;
			path = FollowerUITests;
			sourceTree = "<group>";
		};
/* End PBXFileSystemSynchronizedRootGroup section */

/* Begin PBXFrameworksBuildPhase section */
		FF6CBD8E2FD2887300A52FF3 /* Frameworks */ = {
			isa = PBXFrameworksBuildPhase;
			buildActionMask = 2147483647;
			files = (
				FF304E182FD2A0ED004201FB /* GRDB in Frameworks */,
			);
			runOnlyForDeploymentPostprocessing = 0;
		};
		FF6CBD9D2FD2887500A52FF3 /* Frameworks */ = {
			isa = PBXFrameworksBuildPhase;
			buildActionMask = 2147483647;
			files = (
			);
			runOnlyForDeploymentPostprocessing = 0;
		};
		FF6CBDA72FD2887500A52FF3 /* Frameworks */ = {
			isa = PBXFrameworksBuildPhase;
			buildActionMask = 2147483647;
			files = (
			);
			runOnlyForDeploymentPostprocessing = 0;
		};
/* End PBXFrameworksBuildPhase section */

/* Begin PBXGroup section */
		FF304E162FD2A0ED004201FB /* Frameworks */ = {
			isa = PBXGroup;
			children = (
			);
			name = Frameworks;
			sourceTree = "<group>";
		};
		FF6CBD882FD2887300A52FF3 = {
			isa = PBXGroup;
			children = (
				FF6CBD932FD2887400A52FF3 /* Follower */,
				FF6CBDA32FD2887500A52FF3 /* FollowerTests */,
				FF6CBDAD2FD2887500A52FF3 /* FollowerUITests */,
				FF304E162FD2A0ED004201FB /* Frameworks */,
				FF6CBD922FD2887400A52FF3 /* Products */,
			);
			sourceTree = "<group>";
		};
		FF6CBD922FD2887400A52FF3 /* Products */ = {
			isa = PBXGroup;
			children = (
				FF6CBD912FD2887400A52FF3 /* Follower.app */,
				FF6CBDA02FD2887500A52FF3 /* FollowerTests.xctest */,
				FF6CBDAA2FD2887500A52FF3 /* FollowerUITests.xctest */,
			);
			name = Products;
			sourceTree = "<group>";
		};
/* End PBXGroup section */

/* Begin PBXNativeTarget section */
		FF6CBD902FD2887300A52FF3 /* Follower */ = {
			isa = PBXNativeTarget;
			buildConfigurationList = FF6CBDB42FD2887500A52FF3 /* Build configuration list for PBXNativeTarget "Follower" */;
			buildPhases = (
				FF6CBD8D2FD2887300A52FF3 /* Sources */,
				FF6CBD8E2FD2887300A52FF3 /* Frameworks */,
				FF6CBD8F2FD2887300A52FF3 /* Resources */,
			);
			buildRules = (
			);
			dependencies = (
			);
			fileSystemSynchronizedGroups = (
				FF6CBD932FD2887400A52FF3 /* Follower */,
			);
			name = Follower;
			packageProductDependencies = (
				FF304E172FD2A0ED004201FB /* GRDB */,
			);
			productName = Follower;
			productReference = FF6CBD912FD2887400A52FF3 /* Follower.app */;
			productType = "com.apple.product-type.application";
		};
		FF6CBD9F2FD2887500A52FF3 /* FollowerTests */ = {
			isa = PBXNativeTarget;
			buildConfigurationList = FF6CBDB72FD2887500A52FF3 /* Build configuration list for PBXNativeTarget "FollowerTests" */;
			buildPhases = (
				FF6CBD9C2FD2887500A52FF3 /* Sources */,
				FF6CBD9D2FD2887500A52FF3 /* Frameworks */,
				FF6CBD9E2FD2887500A52FF3 /* Resources */,
			);
			buildRules = (
			);
			dependencies = (
				FF6CBDA22FD2887500A52FF3 /* PBXTargetDependency */,
			);
			fileSystemSynchronizedGroups = (
				FF6CBDA32FD2887500A52FF3 /* FollowerTests */,
			);
			name = FollowerTests;
			packageProductDependencies = (
			);
			productName = FollowerTests;
			productReference = FF6CBDA02FD2887500A52FF3 /* FollowerTests.xctest */;
			productType = "com.apple.product-type.bundle.unit-test";
		};
		FF6CBDA92FD2887500A52FF3 /* FollowerUITests */ = {
			isa = PBXNativeTarget;
			buildConfigurationList = FF6CBDBA2FD2887500A52FF3 /* Build configuration list for PBXNativeTarget "FollowerUITests" */;
			buildPhases = (
				FF6CBDA62FD2887500A52FF3 /* Sources */,
				FF6CBDA72FD2887500A52FF3 /* Frameworks */,
				FF6CBDA82FD2887500A52FF3 /* Resources */,
			);
			buildRules = (
			);
			dependencies = (
				FF6CBDAC2FD2887500A52FF3 /* PBXTargetDependency */,
			);
			fileSystemSynchronizedGroups = (
				FF6CBDAD2FD2887500A52FF3 /* FollowerUITests */,
			);
			name = FollowerUITests;
			packageProductDependencies = (
			);
			productName = FollowerUITests;
			productReference = FF6CBDAA2FD2887500A52FF3 /* FollowerUITests.xctest */;
			productType = "com.apple.product-type.bundle.ui-testing";
		};
/* End PBXNativeTarget section */

/* Begin PBXProject section */
		FF6CBD892FD2887300A52FF3 /* Project object */ = {
			isa = PBXProject;
			attributes = {
				BuildIndependentTargetsInParallel = 1;
				LastSwiftUpdateCheck = 2600;
				LastUpgradeCheck = 2600;
				TargetAttributes = {
					FF6CBD902FD2887300A52FF3 = {
						CreatedOnToolsVersion = 26.0.1;
					};
					FF6CBD9F2FD2887500A52FF3 = {
						CreatedOnToolsVersion = 26.0.1;
						TestTargetID = FF6CBD902FD2887300A52FF3;
					};
					FF6CBDA92FD2887500A52FF3 = {
						CreatedOnToolsVersion = 26.0.1;
						TestTargetID = FF6CBD902FD2887300A52FF3;
					};
				};
			};
			buildConfigurationList = FF6CBD8C2FD2887300A52FF3 /* Build configuration list for PBXProject "Follower" */;
			developmentRegion = en;
			hasScannedForEncodings = 0;
			knownRegions = (
				en,
				Base,
			);
			mainGroup = FF6CBD882FD2887300A52FF3;
			minimizedProjectReferenceProxies = 1;
			packageReferences = (
				FF304E152FD2A05D004201FB /* XCLocalSwiftPackageReference "Vendor/GRDB.swift-7.11.0" */,
			);
			preferredProjectObjectVersion = 77;
			productRefGroup = FF6CBD922FD2887400A52FF3 /* Products */;
			projectDirPath = "";
			projectRoot = "";
			targets = (
				FF6CBD902FD2887300A52FF3 /* Follower */,
				FF6CBD9F2FD2887500A52FF3 /* FollowerTests */,
				FF6CBDA92FD2887500A52FF3 /* FollowerUITests */,
			);
		};
/* End PBXProject section */

/* Begin PBXResourcesBuildPhase section */
		FF6CBD8F2FD2887300A52FF3 /* Resources */ = {
			isa = PBXResourcesBuildPhase;
			buildActionMask = 2147483647;
			files = (
			);
			runOnlyForDeploymentPostprocessing = 0;
		};
		FF6CBD9E2FD2887500A52FF3 /* Resources */ = {
			isa = PBXResourcesBuildPhase;
			buildActionMask = 2147483647;
			files = (
			);
			runOnlyForDeploymentPostprocessing = 0;
		};
		FF6CBDA82FD2887500A52FF3 /* Resources */ = {
			isa = PBXResourcesBuildPhase;
			buildActionMask = 2147483647;
			files = (
			);
			runOnlyForDeploymentPostprocessing = 0;
		};
/* End PBXResourcesBuildPhase section */

/* Begin PBXSourcesBuildPhase section */
		FF6CBD8D2FD2887300A52FF3 /* Sources */ = {
			isa = PBXSourcesBuildPhase;
			buildActionMask = 2147483647;
			files = (
			);
			runOnlyForDeploymentPostprocessing = 0;
		};
		FF6CBD9C2FD2887500A52FF3 /* Sources */ = {
			isa = PBXSourcesBuildPhase;
			buildActionMask = 2147483647;
			files = (
			);
			runOnlyForDeploymentPostprocessing = 0;
		};
		FF6CBDA62FD2887500A52FF3 /* Sources */ = {
			isa = PBXSourcesBuildPhase;
			buildActionMask = 2147483647;
			files = (
			);
			runOnlyForDeploymentPostprocessing = 0;
		};
/* End PBXSourcesBuildPhase section */

/* Begin PBXTargetDependency section */
		FF6CBDA22FD2887500A52FF3 /* PBXTargetDependency */ = {
			isa = PBXTargetDependency;
			target = FF6CBD902FD2887300A52FF3 /* Follower */;
			targetProxy = FF6CBDA12FD2887500A52FF3 /* PBXContainerItemProxy */;
		};
		FF6CBDAC2FD2887500A52FF3 /* PBXTargetDependency */ = {
			isa = PBXTargetDependency;
			target = FF6CBD902FD2887300A52FF3 /* Follower */;
			targetProxy = FF6CBDAB2FD2887500A52FF3 /* PBXContainerItemProxy */;
		};
/* End PBXTargetDependency section */

/* Begin XCBuildConfiguration section */
		FF6CBDB22FD2887500A52FF3 /* Debug */ = {
			isa = XCBuildConfiguration;
			buildSettings = {
				ALWAYS_SEARCH_USER_PATHS = NO;
				ASSETCATALOG_COMPILER_GENERATE_SWIFT_ASSET_SYMBOL_EXTENSIONS = YES;
				CLANG_ANALYZER_NONNULL = YES;
				CLANG_ANALYZER_NUMBER_OBJECT_CONVERSION = YES_AGGRESSIVE;
				CLANG_CXX_LANGUAGE_STANDARD = "gnu++20";
				CLANG_ENABLE_MODULES = YES;
				CLANG_ENABLE_OBJC_ARC = YES;
				CLANG_ENABLE_OBJC_WEAK = YES;
				CLANG_WARN_BLOCK_CAPTURE_AUTORELEASING = YES;
				CLANG_WARN_BOOL_CONVERSION = YES;
				CLANG_WARN_COMMA = YES;
				CLANG_WARN_CONSTANT_CONVERSION = YES;
				CLANG_WARN_DEPRECATED_OBJC_IMPLEMENTATIONS = YES;
				CLANG_WARN_DIRECT_OBJC_ISA_USAGE = YES_ERROR;
				CLANG_WARN_DOCUMENTATION_COMMENTS = YES;
				CLANG_WARN_EMPTY_BODY = YES;
				CLANG_WARN_ENUM_CONVERSION = YES;
				CLANG_WARN_INFINITE_RECURSION = YES;
				CLANG_WARN_INT_CONVERSION = YES;
				CLANG_WARN_NON_LITERAL_NULL_CONVERSION = YES;
				CLANG_WARN_OBJC_IMPLICIT_RETAIN_SELF = YES;
				CLANG_WARN_OBJC_LITERAL_CONVERSION = YES;
				CLANG_WARN_OBJC_ROOT_CLASS = YES_ERROR;
				CLANG_WARN_QUOTED_INCLUDE_IN_FRAMEWORK_HEADER = YES;
				CLANG_WARN_RANGE_LOOP_ANALYSIS = YES;
				CLANG_WARN_STRICT_PROTOTYPES = YES;
				CLANG_WARN_SUSPICIOUS_MOVE = YES;
				CLANG_WARN_UNGUARDED_AVAILABILITY = YES_AGGRESSIVE;
				CLANG_WARN_UNREACHABLE_CODE = YES;
				CLANG_WARN__DUPLICATE_METHOD_MATCH = YES;
				COPY_PHASE_STRIP = NO;
				DEBUG_INFORMATION_FORMAT = dwarf;
				DEVELOPMENT_TEAM = NL82DMN369;
				ENABLE_STRICT_OBJC_MSGSEND = YES;
				ENABLE_TESTABILITY = YES;
				ENABLE_USER_SCRIPT_SANDBOXING = YES;
				GCC_C_LANGUAGE_STANDARD = gnu17;
				GCC_DYNAMIC_NO_PIC = NO;
				GCC_NO_COMMON_BLOCKS = YES;
				GCC_OPTIMIZATION_LEVEL = 0;
				GCC_PREPROCESSOR_DEFINITIONS = (
					"DEBUG=1",
					"$(inherited)",
				);
				GCC_WARN_64_TO_32_BIT_CONVERSION = YES;
				GCC_WARN_ABOUT_RETURN_TYPE = YES_ERROR;
				GCC_WARN_UNDECLARED_SELECTOR = YES;
				GCC_WARN_UNINITIALIZED_AUTOS = YES_AGGRESSIVE;
				GCC_WARN_UNUSED_FUNCTION = YES;
				GCC_WARN_UNUSED_VARIABLE = YES;
				IPHONEOS_DEPLOYMENT_TARGET = 26.0;
				LOCALIZATION_PREFERS_STRING_CATALOGS = YES;
				MTL_ENABLE_DEBUG_INFO = INCLUDE_SOURCE;
				MTL_FAST_MATH = YES;
				ONLY_ACTIVE_ARCH = YES;
				SDKROOT = iphoneos;
				SWIFT_ACTIVE_COMPILATION_CONDITIONS = "DEBUG $(inherited)";
				SWIFT_OPTIMIZATION_LEVEL = "-Onone";
			};
			name = Debug;
		};
		FF6CBDB32FD2887500A52FF3 /* Release */ = {
			isa = XCBuildConfiguration;
			buildSettings = {
				ALWAYS_SEARCH_USER_PATHS = NO;
				ASSETCATALOG_COMPILER_GENERATE_SWIFT_ASSET_SYMBOL_EXTENSIONS = YES;
				CLANG_ANALYZER_NONNULL = YES;
				CLANG_ANALYZER_NUMBER_OBJECT_CONVERSION = YES_AGGRESSIVE;
				CLANG_CXX_LANGUAGE_STANDARD = "gnu++20";
				CLANG_ENABLE_MODULES = YES;
				CLANG_ENABLE_OBJC_ARC = YES;
				CLANG_ENABLE_OBJC_WEAK = YES;
				CLANG_WARN_BLOCK_CAPTURE_AUTORELEASING = YES;
				CLANG_WARN_BOOL_CONVERSION = YES;
				CLANG_WARN_COMMA = YES;
				CLANG_WARN_CONSTANT_CONVERSION = YES;
				CLANG_WARN_DEPRECATED_OBJC_IMPLEMENTATIONS = YES;
				CLANG_WARN_DIRECT_OBJC_ISA_USAGE = YES_ERROR;
				CLANG_WARN_DOCUMENTATION_COMMENTS = YES;
				CLANG_WARN_EMPTY_BODY = YES;
				CLANG_WARN_ENUM_CONVERSION = YES;
				CLANG_WARN_INFINITE_RECURSION = YES;
				CLANG_WARN_INT_CONVERSION = YES;
				CLANG_WARN_NON_LITERAL_NULL_CONVERSION = YES;
				CLANG_WARN_OBJC_IMPLICIT_RETAIN_SELF = YES;
				CLANG_WARN_OBJC_LITERAL_CONVERSION = YES;
				CLANG_WARN_OBJC_ROOT_CLASS = YES_ERROR;
				CLANG_WARN_QUOTED_INCLUDE_IN_FRAMEWORK_HEADER = YES;
				CLANG_WARN_RANGE_LOOP_ANALYSIS = YES;
				CLANG_WARN_STRICT_PROTOTYPES = YES;
				CLANG_WARN_SUSPICIOUS_MOVE = YES;
				CLANG_WARN_UNGUARDED_AVAILABILITY = YES_AGGRESSIVE;
				CLANG_WARN_UNREACHABLE_CODE = YES;
				CLANG_WARN__DUPLICATE_METHOD_MATCH = YES;
				COPY_PHASE_STRIP = NO;
				DEBUG_INFORMATION_FORMAT = "dwarf-with-dsym";
				DEVELOPMENT_TEAM = NL82DMN369;
				ENABLE_NS_ASSERTIONS = NO;
				ENABLE_STRICT_OBJC_MSGSEND = YES;
				ENABLE_USER_SCRIPT_SANDBOXING = YES;
				GCC_C_LANGUAGE_STANDARD = gnu17;
				GCC_NO_COMMON_BLOCKS = YES;
				GCC_WARN_64_TO_32_BIT_CONVERSION = YES;
				GCC_WARN_ABOUT_RETURN_TYPE = YES_ERROR;
				GCC_WARN_UNDECLARED_SELECTOR = YES;
				GCC_WARN_UNINITIALIZED_AUTOS = YES_AGGRESSIVE;
				GCC_WARN_UNUSED_FUNCTION = YES;
				GCC_WARN_UNUSED_VARIABLE = YES;
				IPHONEOS_DEPLOYMENT_TARGET = 26.0;
				LOCALIZATION_PREFERS_STRING_CATALOGS = YES;
				MTL_ENABLE_DEBUG_INFO = NO;
				MTL_FAST_MATH = YES;
				SDKROOT = iphoneos;
				SWIFT_COMPILATION_MODE = wholemodule;
				VALIDATE_PRODUCT = YES;
			};
			name = Release;
		};
		FF6CBDB52FD2887500A52FF3 /* Debug */ = {
			isa = XCBuildConfiguration;
			buildSettings = {
				ASSETCATALOG_COMPILER_APPICON_NAME = AppIcon;
				ASSETCATALOG_COMPILER_GLOBAL_ACCENT_COLOR_NAME = AccentColor;
				CODE_SIGN_STYLE = Automatic;
				CURRENT_PROJECT_VERSION = 1;
				DEVELOPMENT_TEAM = NL82DMN369;
				ENABLE_PREVIEWS = YES;
				GENERATE_INFOPLIST_FILE = YES;
				INFOPLIST_KEY_UIApplicationSceneManifest_Generation = YES;
				INFOPLIST_KEY_UIApplicationSupportsIndirectInputEvents = YES;
				INFOPLIST_KEY_UILaunchScreen_Generation = YES;
				INFOPLIST_KEY_UIStatusBarStyle = "";
				INFOPLIST_KEY_UISupportedInterfaceOrientations_iPad = "UIInterfaceOrientationPortrait UIInterfaceOrientationPortraitUpsideDown UIInterfaceOrientationLandscapeLeft UIInterfaceOrientationLandscapeRight";
				INFOPLIST_KEY_UISupportedInterfaceOrientations_iPhone = "UIInterfaceOrientationPortrait UIInterfaceOrientationLandscapeLeft UIInterfaceOrientationLandscapeRight";
				LD_RUNPATH_SEARCH_PATHS = (
					"$(inherited)",
					"@executable_path/Frameworks",
				);
				MARKETING_VERSION = 1.0;
				PRODUCT_BUNDLE_IDENTIFIER = ZaneLiao.Follower;
				PRODUCT_NAME = "$(TARGET_NAME)";
				STRING_CATALOG_GENERATE_SYMBOLS = YES;
				SWIFT_APPROACHABLE_CONCURRENCY = YES;
				SWIFT_DEFAULT_ACTOR_ISOLATION = MainActor;
				SWIFT_EMIT_LOC_STRINGS = YES;
				SWIFT_UPCOMING_FEATURE_MEMBER_IMPORT_VISIBILITY = YES;
				SWIFT_VERSION = 5.0;
				TARGETED_DEVICE_FAMILY = "1,2";
			};
			name = Debug;
		};
		FF6CBDB62FD2887500A52FF3 /* Release */ = {
			isa = XCBuildConfiguration;
			buildSettings = {
				ASSETCATALOG_COMPILER_APPICON_NAME = AppIcon;
				ASSETCATALOG_COMPILER_GLOBAL_ACCENT_COLOR_NAME = AccentColor;
				CODE_SIGN_STYLE = Automatic;
				CURRENT_PROJECT_VERSION = 1;
				DEVELOPMENT_TEAM = NL82DMN369;
				ENABLE_PREVIEWS = YES;
				GENERATE_INFOPLIST_FILE = YES;
				INFOPLIST_KEY_UIApplicationSceneManifest_Generation = YES;
				INFOPLIST_KEY_UIApplicationSupportsIndirectInputEvents = YES;
				INFOPLIST_KEY_UILaunchScreen_Generation = YES;
				INFOPLIST_KEY_UIStatusBarStyle = "";
				INFOPLIST_KEY_UISupportedInterfaceOrientations_iPad = "UIInterfaceOrientationPortrait UIInterfaceOrientationPortraitUpsideDown UIInterfaceOrientationLandscapeLeft UIInterfaceOrientationLandscapeRight";
				INFOPLIST_KEY_UISupportedInterfaceOrientations_iPhone = "UIInterfaceOrientationPortrait UIInterfaceOrientationLandscapeLeft UIInterfaceOrientationLandscapeRight";
				LD_RUNPATH_SEARCH_PATHS = (
					"$(inherited)",
					"@executable_path/Frameworks",
				);
				MARKETING_VERSION = 1.0;
				PRODUCT_BUNDLE_IDENTIFIER = ZaneLiao.Follower;
				PRODUCT_NAME = "$(TARGET_NAME)";
				STRING_CATALOG_GENERATE_SYMBOLS = YES;
				SWIFT_APPROACHABLE_CONCURRENCY = YES;
				SWIFT_DEFAULT_ACTOR_ISOLATION = MainActor;
				SWIFT_EMIT_LOC_STRINGS = YES;
				SWIFT_UPCOMING_FEATURE_MEMBER_IMPORT_VISIBILITY = YES;
				SWIFT_VERSION = 5.0;
				TARGETED_DEVICE_FAMILY = "1,2";
			};
			name = Release;
		};
		FF6CBDB82FD2887500A52FF3 /* Debug */ = {
			isa = XCBuildConfiguration;
			buildSettings = {
				BUNDLE_LOADER = "$(TEST_HOST)";
				CODE_SIGN_STYLE = Automatic;
				CURRENT_PROJECT_VERSION = 1;
				DEVELOPMENT_TEAM = NL82DMN369;
				GENERATE_INFOPLIST_FILE = YES;
				IPHONEOS_DEPLOYMENT_TARGET = 26.0;
				MARKETING_VERSION = 1.0;
				PRODUCT_BUNDLE_IDENTIFIER = ZaneLiao.FollowerTests;
				PRODUCT_NAME = "$(TARGET_NAME)";
				STRING_CATALOG_GENERATE_SYMBOLS = NO;
				SWIFT_APPROACHABLE_CONCURRENCY = YES;
				SWIFT_EMIT_LOC_STRINGS = NO;
				SWIFT_UPCOMING_FEATURE_MEMBER_IMPORT_VISIBILITY = YES;
				SWIFT_VERSION = 5.0;
				TARGETED_DEVICE_FAMILY = "1,2";
				TEST_HOST = "$(BUILT_PRODUCTS_DIR)/Follower.app/$(BUNDLE_EXECUTABLE_FOLDER_PATH)/Follower";
			};
			name = Debug;
		};
		FF6CBDB92FD2887500A52FF3 /* Release */ = {
			isa = XCBuildConfiguration;
			buildSettings = {
				BUNDLE_LOADER = "$(TEST_HOST)";
				CODE_SIGN_STYLE = Automatic;
				CURRENT_PROJECT_VERSION = 1;
				DEVELOPMENT_TEAM = NL82DMN369;
				GENERATE_INFOPLIST_FILE = YES;
				IPHONEOS_DEPLOYMENT_TARGET = 26.0;
				MARKETING_VERSION = 1.0;
				PRODUCT_BUNDLE_IDENTIFIER = ZaneLiao.FollowerTests;
				PRODUCT_NAME = "$(TARGET_NAME)";
				STRING_CATALOG_GENERATE_SYMBOLS = NO;
				SWIFT_APPROACHABLE_CONCURRENCY = YES;
				SWIFT_EMIT_LOC_STRINGS = NO;
				SWIFT_UPCOMING_FEATURE_MEMBER_IMPORT_VISIBILITY = YES;
				SWIFT_VERSION = 5.0;
				TARGETED_DEVICE_FAMILY = "1,2";
				TEST_HOST = "$(BUILT_PRODUCTS_DIR)/Follower.app/$(BUNDLE_EXECUTABLE_FOLDER_PATH)/Follower";
			};
			name = Release;
		};
		FF6CBDBB2FD2887500A52FF3 /* Debug */ = {
			isa = XCBuildConfiguration;
			buildSettings = {
				CODE_SIGN_STYLE = Automatic;
				CURRENT_PROJECT_VERSION = 1;
				DEVELOPMENT_TEAM = NL82DMN369;
				GENERATE_INFOPLIST_FILE = YES;
				MARKETING_VERSION = 1.0;
				PRODUCT_BUNDLE_IDENTIFIER = ZaneLiao.FollowerUITests;
				PRODUCT_NAME = "$(TARGET_NAME)";
				STRING_CATALOG_GENERATE_SYMBOLS = NO;
				SWIFT_APPROACHABLE_CONCURRENCY = YES;
				SWIFT_EMIT_LOC_STRINGS = NO;
				SWIFT_UPCOMING_FEATURE_MEMBER_IMPORT_VISIBILITY = YES;
				SWIFT_VERSION = 5.0;
				TARGETED_DEVICE_FAMILY = "1,2";
				TEST_TARGET_NAME = Follower;
			};
			name = Debug;
		};
		FF6CBDBC2FD2887500A52FF3 /* Release */ = {
			isa = XCBuildConfiguration;
			buildSettings = {
				CODE_SIGN_STYLE = Automatic;
				CURRENT_PROJECT_VERSION = 1;
				DEVELOPMENT_TEAM = NL82DMN369;
				GENERATE_INFOPLIST_FILE = YES;
				MARKETING_VERSION = 1.0;
				PRODUCT_BUNDLE_IDENTIFIER = ZaneLiao.FollowerUITests;
				PRODUCT_NAME = "$(TARGET_NAME)";
				STRING_CATALOG_GENERATE_SYMBOLS = NO;
				SWIFT_APPROACHABLE_CONCURRENCY = YES;
				SWIFT_EMIT_LOC_STRINGS = NO;
				SWIFT_UPCOMING_FEATURE_MEMBER_IMPORT_VISIBILITY = YES;
				SWIFT_VERSION = 5.0;
				TARGETED_DEVICE_FAMILY = "1,2";
				TEST_TARGET_NAME = Follower;
			};
			name = Release;
		};
/* End XCBuildConfiguration section */

/* Begin XCConfigurationList section */
		FF6CBD8C2FD2887300A52FF3 /* Build configuration list for PBXProject "Follower" */ = {
			isa = XCConfigurationList;
			buildConfigurations = (
				FF6CBDB22FD2887500A52FF3 /* Debug */,
				FF6CBDB32FD2887500A52FF3 /* Release */,
			);
			defaultConfigurationIsVisible = 0;
			defaultConfigurationName = Release;
		};
		FF6CBDB42FD2887500A52FF3 /* Build configuration list for PBXNativeTarget "Follower" */ = {
			isa = XCConfigurationList;
			buildConfigurations = (
				FF6CBDB52FD2887500A52FF3 /* Debug */,
				FF6CBDB62FD2887500A52FF3 /* Release */,
			);
			defaultConfigurationIsVisible = 0;
			defaultConfigurationName = Release;
		};
		FF6CBDB72FD2887500A52FF3 /* Build configuration list for PBXNativeTarget "FollowerTests" */ = {
			isa = XCConfigurationList;
			buildConfigurations = (
				FF6CBDB82FD2887500A52FF3 /* Debug */,
				FF6CBDB92FD2887500A52FF3 /* Release */,
			);
			defaultConfigurationIsVisible = 0;
			defaultConfigurationName = Release;
		};
		FF6CBDBA2FD2887500A52FF3 /* Build configuration list for PBXNativeTarget "FollowerUITests" */ = {
			isa = XCConfigurationList;
			buildConfigurations = (
				FF6CBDBB2FD2887500A52FF3 /* Debug */,
				FF6CBDBC2FD2887500A52FF3 /* Release */,
			);
			defaultConfigurationIsVisible = 0;
			defaultConfigurationName = Release;
		};
/* End XCConfigurationList section */

/* Begin XCLocalSwiftPackageReference section */
		FF304E152FD2A05D004201FB /* XCLocalSwiftPackageReference "Vendor/GRDB.swift-7.11.0" */ = {
			isa = XCLocalSwiftPackageReference;
			relativePath = "Vendor/GRDB.swift-7.11.0";
		};
/* End XCLocalSwiftPackageReference section */

/* Begin XCSwiftPackageProductDependency section */
		FF304E172FD2A0ED004201FB /* GRDB */ = {
			isa = XCSwiftPackageProductDependency;
			package = FF304E152FD2A05D004201FB /* XCLocalSwiftPackageReference "Vendor/GRDB.swift-7.11.0" */;
			productName = GRDB;
		};
/* End XCSwiftPackageProductDependency section */
	};
	rootObject = FF6CBD892FD2887300A52FF3 /* Project object */;
}
